
Microsoft Visual Studio Solution File, Format Version 12.00
# Visual Studio Version 17
VisualStudioVersion = 17.10.34804.81
MinimumVisualStudioVersion = 10.0.40219.1
Project("{9A19103F-16F7-4668-BE54-9A1E7A4F7556}") = "TcpTlsProxy", "TcpTlsProxy\TcpTlsProxy.csproj", "{4F990E2B-E44F-4418-BC16-2748791EF075}"
EndProject
Project("{9A19103F-16F7-4668-BE54-9A1E7A4F7556}") = "TcpTlsProxy.Tests", "TcpTlsProxy.Tests\TcpTlsProxy.Tests.csproj", "{940D68DF-F001-4D90-B27B-B4A93CACCD65}"
EndProject
Global
	GlobalSection(SolutionConfigurationPlatforms) = preSolution
		Debug|Any CPU = Debug|Any CPU
		Release|Any CPU = Release|Any CPU
	EndGlobalSection
	GlobalSection(ProjectConfigurationPlatforms) = postSolution
		{4F990E2B-E44F-4418-BC16-2748791EF075}.Debug|Any CPU.ActiveCfg = Debug|Any CPU
		{4F990E2B-E44F-4418-BC16-2748791EF075}.Debug|Any CPU.Build.0 = Debug|Any CPU
		{4F990E2B-E44F-4418-BC16-2748791EF075}.Release|Any CPU.ActiveCfg = Release|Any CPU
		{4F990E2B-E44F-4418-BC16-2748791EF075}.Release|Any CPU.Build.0 = Release|Any CPU
		{940D68DF-F001-4D90-B27B-B4A93CACCD65}.Debug|Any CPU.ActiveCfg = Debug|Any CPU
		{940D68DF-F001-4D90-B27B-B4A93CACCD65}.Debug|Any CPU.Build.0 = Debug|Any CPU
		{940D68DF-F001-4D90-B27B-B4A93CACCD65}.Release|Any CPU.ActiveCfg = Release|Any CPU
		{940D68DF-F001-4D90-B27B-B4A93CACCD65}.Release|Any CPU.Build.0 = Release|Any CPU
	EndGlobalSection
	GlobalSection(SolutionProperties) = preSolution
		HideSolutionNode = FALSE
	EndGlobalSection
	GlobalSection(ExtensibilityGlobals) = postSolution
		SolutionGuid = {86D75EE2-6DD4-43F6-B559-65FD99C4CDEE}
	EndGlobalSection
EndGlobal
