Microsoft Visual Studio Solution File, Format Version 12.00
# Visual Studio Version 17
VisualStudioVersion = 17.0.31903.59
MinimumVisualStudioVersion = 10.0.40219.1
Project("{9A19103F-16F7-4668-BE54-9A1E7A4F7556}") = "CsProxyTools", "CsProxyTools\CsProxyTools.csproj", "{34337E24-9308-46C6-B8E3-0616AA88FA33}"
EndProject
Project("{9A19103F-16F7-4668-BE54-9A1E7A4F7556}") = "CsProxyTools.Console", "CsProxyTools.Console\CsProxyTools.Console.csproj", "{6973A293-7192-4984-BA36-E0E739B319AF}"
EndProject
Project("{9A19103F-16F7-4668-BE54-9A1E7A4F7556}") = "CsProxyTools.Tests", "CsProxyTools.Tests\CsProxyTools.Tests.csproj", "{43AD1110-4FFD-448B-9A00-C8861BA63738}"
EndProject
Global
	GlobalSection(SolutionConfigurationPlatforms) = preSolution
		Debug|Any CPU = Debug|Any CPU
		Release|Any CPU = Release|Any CPU
	EndGlobalSection
	GlobalSection(ProjectConfigurationPlatforms) = postSolution
		{34337E24-9308-46C6-B8E3-0616AA88FA33}.Debug|Any CPU.ActiveCfg = Debug|Any CPU
		{34337E24-9308-46C6-B8E3-0616AA88FA33}.Debug|Any CPU.Build.0 = Debug|Any CPU
		{34337E24-9308-46C6-B8E3-0616AA88FA33}.Release|Any CPU.ActiveCfg = Release|Any CPU
		{34337E24-9308-46C6-B8E3-0616AA88FA33}.Release|Any CPU.Build.0 = Release|Any CPU
		{6973A293-7192-4984-BA36-E0E739B319AF}.Debug|Any CPU.ActiveCfg = Debug|Any CPU
		{6973A293-7192-4984-BA36-E0E739B319AF}.Debug|Any CPU.Build.0 = Debug|Any CPU
		{6973A293-7192-4984-BA36-E0E739B319AF}.Release|Any CPU.ActiveCfg = Release|Any CPU
		{6973A293-7192-4984-BA36-E0E739B319AF}.Release|Any CPU.Build.0 = Release|Any CPU
		{43AD1110-4FFD-448B-9A00-C8861BA63738}.Debug|Any CPU.ActiveCfg = Debug|Any CPU
		{43AD1110-4FFD-448B-9A00-C8861BA63738}.Debug|Any CPU.Build.0 = Debug|Any CPU
		{43AD1110-4FFD-448B-9A00-C8861BA63738}.Release|Any CPU.ActiveCfg = Release|Any CPU
		{43AD1110-4FFD-448B-9A00-C8861BA63738}.Release|Any CPU.Build.0 = Release|Any CPU
	EndGlobalSection
	GlobalSection(SolutionProperties) = preSolution
		HideSolutionNode = FALSE
	EndGlobalSection
EndGlobal
